{
    "name": "konsole-night",
    "version": "1.4.12",
    "lockfileVersion": 3,
    "requires": true,
    "packages": {
        "": {
            "name": "konsole-night",
            "version": "1.4.12",
            "license": "MIT",
            "engines": {
                "vscode": "^1.17.0"
            }
        }
    }
}
